// !$*UTF8*$!
{
	archiveVersion = 1;
	classes = {
	};
	objectVersion = 46;
	objects = {

/* Begin PBXBuildFile section */
		777C6CAD19D35C37000E5587 /* AppDelegate.swift in Sources */ = {isa = PBXBuildFile; fileRef = 777C6CAC19D35C37000E5587 /* AppDelegate.swift */; };
		777C6CAF19D35C37000E5587 /* ViewController.swift in Sources */ = {isa = PBXBuildFile; fileRef = 777C6CAE19D35C37000E5587 /* ViewController.swift */; };
		777C6CB219D35C37000E5587 /* Main.storyboard in Resources */ = {isa = PBXBuildFile; fileRef = 777C6CB019D35C37000E5587 /* Main.storyboard */; };
		777C6CB419D35C37000E5587 /* Images.xcassets in Resources */ = {isa = PBXBuildFile; fileRef = 777C6CB319D35C37000E5587 /* Images.xcassets */; };
		777C6CB719D35C37000E5587 /* LaunchScreen.xib in Resources */ = {isa = PBXBuildFile; fileRef = 777C6CB519D35C37000E5587 /* LaunchScreen.xib */; };
		777C6CC319D35C38000E5587 /* FirstTutorialTests.swift in Sources */ = {isa = PBXBuildFile; fileRef = 777C6CC219D35C38000E5587 /* FirstTutorialTests.swift */; };
/* End PBXBuildFile section */

/* Begin PBXContainerItemProxy section */
		777C6CBD19D35C38000E5587 /* PBXContainerItemProxy */ = {
			isa = PBXContainerItemProxy;
			containerPortal = 777C6C9F19D35C37000E5587 /* Project object */;
			proxyType = 1;
			remoteGlobalIDString = 777C6CA619D35C37000E5587;
			remoteInfo = FirstTutorial;
		};
/* End PBXContainerItemProxy section */

/* Begin PBXFileReference section */
		777C6CA719D35C37000E5587 /* FirstTutorial.app */ = {isa = PBXFileReference; explicitFileType = wrapper.application; includeInIndex = 0; path = FirstTutorial.app; sourceTree = BUILT_PRODUCTS_DIR; };
		777C6CAB19D35C37000E5587 /* Info.plist */ = {isa = PBXFileReference; lastKnownFileType = text.plist.xml; path = Info.plist; sourceTree = "<group>"; };
		777C6CAC19D35C37000E5587 /* AppDelegate.swift */ = {isa = PBXFileReference; lastKnownFileType = sourcecode.swift; path = AppDelegate.swift; sourceTree = "<group>"; };
		777C6CAE19D35C37000E5587 /* ViewController.swift */ = {isa = PBXFileReference; lastKnownFileType = sourcecode.swift; path = ViewController.swift; sourceTree = "<group>"; };
		777C6CB119D35C37000E5587 /* Base */ = {isa = PBXFileReference; lastKnownFileType = file.storyboard; name = Base; path = Base.lproj/Main.storyboard; sourceTree = "<group>"; };
		777C6CB319D35C37000E5587 /* Images.xcassets */ = {isa = PBXFileReference; lastKnownFileType = folder.assetcatalog; path = Images.xcassets; sourceTree = "<group>"; };
		777C6CB619D35C37000E5587 /* Base */ = {isa = PBXFileReference; lastKnownFileType = file.xib; name = Base; path = Base.lproj/LaunchScreen.xib; sourceTree = "<group>"; };
		777C6CBC19D35C38000E5587 /* FirstTutorialTests.xctest */ = {isa = PBXFileReference; explicitFileType = wrapper.cfbundle; includeInIndex = 0; path = FirstTutorialTests.xctest; sourceTree = BUILT_PRODUCTS_DIR; };
		777C6CC119D35C38000E5587 /* Info.plist */ = {isa = PBXFileReference; lastKnownFileType = text.plist.xml; path = Info.plist; sourceTree = "<group>"; };
		777C6CC219D35C38000E5587 /* FirstTutorialTests.swift */ = {isa = PBXFileReference; lastKnownFileType = sourcecode.swift; path = FirstTutorialTests.swift; sourceTree = "<group>"; };
/* End PBXFileReference section */

/* Begin PBXFrameworksBuildPhase section */
		777C6CA419D35C37000E5587 /* Frameworks */ = {
			isa = PBXFrameworksBuildPhase;
			buildActionMask = 2147483647;
			files = (
			);
			runOnlyForDeploymentPostprocessing = 0;
		};
		777C6CB919D35C38000E5587 /* Frameworks */ = {
			isa = PBXFrameworksBuildPhase;
			buildActionMask = 2147483647;
			files = (
			);
			runOnlyForDeploymentPostprocessing = 0;
		};
/* End PBXFrameworksBuildPhase section */

/* Begin PBXGroup section */
		777C6C9E19D35C37000E5587 = {
			isa = PBXGroup;
			children = (
				777C6CA919D35C37000E5587 /* FirstTutorial */,
				777C6CBF19D35C38000E5587 /* FirstTutorialTests */,
				777C6CA819D35C37000E5587 /* Products */,
			);
			sourceTree = "<group>";
		};
		777C6CA819D35C37000E5587 /* Products */ = {
			isa = PBXGroup;
			children = (
				777C6CA719D35C37000E5587 /* FirstTutorial.app */,
				777C6CBC19D35C38000E5587 /* FirstTutorialTests.xctest */,
			);
			name = Products;
			sourceTree = "<group>";
		};
		777C6CA919D35C37000E5587 /* FirstTutorial */ = {
			isa = PBXGroup;
			children = (
				777C6CAC19D35C37000E5587 /* AppDelegate.swift */,
				777C6CAE19D35C37000E5587 /* ViewController.swift */,
				777C6CB019D35C37000E5587 /* Main.storyboard */,
				777C6CB319D35C37000E5587 /* Images.xcassets */,
				777C6CB519D35C37000E5587 /* LaunchScreen.xib */,
				777C6CAA19D35C37000E5587 /* Supporting Files */,
			);
			path = FirstTutorial;
			sourceTree = "<group>";
		};
		777C6CAA19D35C37000E5587 /* Supporting Files */ = {
			isa = PBXGroup;
			children = (
				777C6CAB19D35C37000E5587 /* Info.plist */,
			);
			name = "Supporting Files";
			sourceTree = "<group>";
		};
		777C6CBF19D35C38000E5587 /* FirstTutorialTests */ = {
			isa = PBXGroup;
			children = (
				777C6CC219D35C38000E5587 /* FirstTutorialTests.swift */,
				777C6CC019D35C38000E5587 /* Supporting Files */,
			);
			path = FirstTutorialTests;
			sourceTree = "<group>";
		};
		777C6CC019D35C38000E5587 /* Supporting Files */ = {
			isa = PBXGroup;
			children = (
				777C6CC119D35C38000E5587 /* Info.plist */,
			);
			name = "Supporting Files";
			sourceTree = "<group>";
		};
/* End PBXGroup section */

/* Begin PBXNativeTarget section */
		777C6CA619D35C37000E5587 /* FirstTutorial */ = {
			isa = PBXNativeTarget;
			buildConfigurationList = 777C6CC619D35C38000E5587 /* Build configuration list for PBXNativeTarget "FirstTutorial" */;
			buildPhases = (
				777C6CA319D35C37000E5587 /* Sources */,
				777C6CA419D35C37000E5587 /* Frameworks */,
				777C6CA519D35C37000E5587 /* Resources */,
			);
			buildRules = (
			);
			dependencies = (
			);
			name = FirstTutorial;
			productName = FirstTutorial;
			productReference = 777C6CA719D35C37000E5587 /* FirstTutorial.app */;
			productType = "com.apple.product-type.application";
		};
		777C6CBB19D35C38000E5587 /* FirstTutorialTests */ = {
			isa = PBXNativeTarget;
			buildConfigurationList = 777C6CC919D35C38000E5587 /* Build configuration list for PBXNativeTarget "FirstTutorialTests" */;
			buildPhases = (
				777C6CB819D35C38000E5587 /* Sources */,
				777C6CB919D35C38000E5587 /* Frameworks */,
				777C6CBA19D35C38000E5587 /* Resources */,
			);
			buildRules = (
			);
			dependencies = (
				777C6CBE19D35C38000E5587 /* PBXTargetDependency */,
			);
			name = FirstTutorialTests;
			productName = FirstTutorialTests;
			productReference = 777C6CBC19D35C38000E5587 /* FirstTutorialTests.xctest */;
			productType = "com.apple.product-type.bundle.unit-test";
		};
/* End PBXNativeTarget section */

/* Begin PBXProject section */
		777C6C9F19D35C37000E5587 /* Project object */ = {
			isa = PBXProject;
			attributes = {
				LastUpgradeCheck = 0600;
				ORGANIZATIONNAME = JalapenoBytes;
				TargetAttributes = {
					777C6CA619D35C37000E5587 = {
						CreatedOnToolsVersion = 6.0;
					};
					777C6CBB19D35C38000E5587 = {
						CreatedOnToolsVersion = 6.0;
						TestTargetID = 777C6CA619D35C37000E5587;
					};
				};
			};
			buildConfigurationList = 777C6CA219D35C37000E5587 /* Build configuration list for PBXProject "FirstTutorial" */;
			compatibilityVersion = "Xcode 3.2";
			developmentRegion = English;
			hasScannedForEncodings = 0;
			knownRegions = (
				en,
				Base,
			);
			mainGroup = 777C6C9E19D35C37000E5587;
			productRefGroup = 777C6CA819D35C37000E5587 /* Products */;
			projectDirPath = "";
			projectRoot = "";
			targets = (
				777C6CA619D35C37000E5587 /* FirstTutorial */,
				777C6CBB19D35C38000E5587 /* FirstTutorialTests */,
			);
		};
/* End PBXProject section */

/* Begin PBXResourcesBuildPhase section */
		777C6CA519D35C37000E5587 /* Resources */ = {
			isa = PBXResourcesBuildPhase;
			buildActionMask = 2147483647;
			files = (
				777C6CB219D35C37000E5587 /* Main.storyboard in Resources */,
				777C6CB719D35C37000E5587 /* LaunchScreen.xib in Resources */,
				777C6CB419D35C37000E5587 /* Images.xcassets in Resources */,
			);
			runOnlyForDeploymentPostprocessing = 0;
		};
		777C6CBA19D35C38000E5587 /* Resources */ = {
			isa = PBXResourcesBuildPhase;
			buildActionMask = 2147483647;
			files = (
			);
			runOnlyForDeploymentPostprocessing = 0;
		};
/* End PBXResourcesBuildPhase section */

/* Begin PBXSourcesBuildPhase section */
		777C6CA319D35C37000E5587 /* Sources */ = {
			isa = PBXSourcesBuildPhase;
			buildActionMask = 2147483647;
			files = (
				777C6CAF19D35C37000E5587 /* ViewController.swift in Sources */,
				777C6CAD19D35C37000E5587 /* AppDelegate.swift in Sources */,
			);
			runOnlyForDeploymentPostprocessing = 0;
		};
		777C6CB819D35C38000E5587 /* Sources */ = {
			isa = PBXSourcesBuildPhase;
			buildActionMask = 2147483647;
			files = (
				777C6CC319D35C38000E5587 /* FirstTutorialTests.swift in Sources */,
			);
			runOnlyForDeploymentPostprocessing = 0;
		};
/* End PBXSourcesBuildPhase section */

/* Begin PBXTargetDependency section */
		777C6CBE19D35C38000E5587 /* PBXTargetDependency */ = {
			isa = PBXTargetDependency;
			target = 777C6CA619D35C37000E5587 /* FirstTutorial */;
			targetProxy = 777C6CBD19D35C38000E5587 /* PBXContainerItemProxy */;
		};
/* End PBXTargetDependency section */

/* Begin PBXVariantGroup section */
		777C6CB019D35C37000E5587 /* Main.storyboard */ = {
			isa = PBXVariantGroup;
			children = (
				777C6CB119D35C37000E5587 /* Base */,
			);
			name = Main.storyboard;
			sourceTree = "<group>";
		};
		777C6CB519D35C37000E5587 /* LaunchScreen.xib */ = {
			isa = PBXVariantGroup;
			children = (
				777C6CB619D35C37000E5587 /* Base */,
			);
			name = LaunchScreen.xib;
			sourceTree = "<group>";
		};
/* End PBXVariantGroup section */

/* Begin XCBuildConfiguration section */
		777C6CC419D35C38000E5587 /* Debug */ = {
			isa = XCBuildConfiguration;
			buildSettings = {
				ALWAYS_SEARCH_USER_PATHS = NO;
				CLANG_CXX_LANGUAGE_STANDARD = "gnu++0x";
				CLANG_CXX_LIBRARY = "libc++";
				CLANG_ENABLE_MODULES = YES;
				CLANG_ENABLE_OBJC_ARC = YES;
				CLANG_WARN_BOOL_CONVERSION = YES;
				CLANG_WARN_CONSTANT_CONVERSION = YES;
				CLANG_WARN_DIRECT_OBJC_ISA_USAGE = YES_ERROR;
				CLANG_WARN_EMPTY_BODY = YES;
				CLANG_WARN_ENUM_CONVERSION = YES;
				CLANG_WARN_INT_CONVERSION = YES;
				CLANG_WARN_OBJC_ROOT_CLASS = YES_ERROR;
				CLANG_WARN_UNREACHABLE_CODE = YES;
				CLANG_WARN__DUPLICATE_METHOD_MATCH = YES;
				"CODE_SIGN_IDENTITY[sdk=iphoneos*]" = "iPhone Developer";
				COPY_PHASE_STRIP = NO;
				ENABLE_STRICT_OBJC_MSGSEND = YES;
				GCC_C_LANGUAGE_STANDARD = gnu99;
				GCC_DYNAMIC_NO_PIC = NO;
				GCC_OPTIMIZATION_LEVEL = 0;
				GCC_PREPROCESSOR_DEFINITIONS = (
					"DEBUG=1",
					"$(inherited)",
				);
				GCC_SYMBOLS_PRIVATE_EXTERN = NO;
				GCC_WARN_64_TO_32_BIT_CONVERSION = YES;
				GCC_WARN_ABOUT_RETURN_TYPE = YES_ERROR;
				GCC_WARN_UNDECLARED_SELECTOR = YES;
				GCC_WARN_UNINITIALIZED_AUTOS = YES_AGGRESSIVE;
				GCC_WARN_UNUSED_FUNCTION = YES;
				GCC_WARN_UNUSED_VARIABLE = YES;
				IPHONEOS_DEPLOYMENT_TARGET = 8.0;
				MTL_ENABLE_DEBUG_INFO = YES;
				ONLY_ACTIVE_ARCH = YES;
				SDKROOT = iphoneos;
				SWIFT_OPTIMIZATION_LEVEL = "-Onone";
			};
			name = Debug;
		};
		777C6CC519D35C38000E5587 /* Release */ = {
			isa = XCBuildConfiguration;
			buildSettings = {
				ALWAYS_SEARCH_USER_PATHS = NO;
				CLANG_CXX_LANGUAGE_STANDARD = "gnu++0x";
				CLANG_CXX_LIBRARY = "libc++";
				CLANG_ENABLE_MODULES = YES;
				CLANG_ENABLE_OBJC_ARC = YES;
				CLANG_WARN_BOOL_CONVERSION = YES;
				CLANG_WARN_CONSTANT_CONVERSION = YES;
				CLANG_WARN_DIRECT_OBJC_ISA_USAGE = YES_ERROR;
				CLANG_WARN_EMPTY_BODY = YES;
				CLANG_WARN_ENUM_CONVERSION = YES;
				CLANG_WARN_INT_CONVERSION = YES;
				CLANG_WARN_OBJC_ROOT_CLASS = YES_ERROR;
				CLANG_WARN_UNREACHABLE_CODE = YES;
				CLANG_WARN__DUPLICATE_METHOD_MATCH = YES;
				"CODE_SIGN_IDENTITY[sdk=iphoneos*]" = "iPhone Developer";
				COPY_PHASE_STRIP = YES;
				ENABLE_NS_ASSERTIONS = NO;
				ENABLE_STRICT_OBJC_MSGSEND = YES;
				GCC_C_LANGUAGE_STANDARD = gnu99;
				GCC_WARN_64_TO_32_BIT_CONVERSION = YES;
				GCC_WARN_ABOUT_RETURN_TYPE = YES_ERROR;
				GCC_WARN_UNDECLARED_SELECTOR = YES;
				GCC_WARN_UNINITIALIZED_AUTOS = YES_AGGRESSIVE;
				GCC_WARN_UNUSED_FUNCTION = YES;
				GCC_WARN_UNUSED_VARIABLE = YES;
				IPHONEOS_DEPLOYMENT_TARGET = 8.0;
				MTL_ENABLE_DEBUG_INFO = NO;
				SDKROOT = iphoneos;
				VALIDATE_PRODUCT = YES;
			};
			name = Release;
		};
		777C6CC719D35C38000E5587 /* Debug */ = {
			isa = XCBuildConfiguration;
			buildSettings = {
				ASSETCATALOG_COMPILER_APPICON_NAME = AppIcon;
				INFOPLIST_FILE = FirstTutorial/Info.plist;
				LD_RUNPATH_SEARCH_PATHS = "$(inherited) @executable_path/Frameworks";
				PRODUCT_NAME = "$(TARGET_NAME)";
			};
			name = Debug;
		};
		777C6CC819D35C38000E5587 /* Release */ = {
			isa = XCBuildConfiguration;
			buildSettings = {
				ASSETCATALOG_COMPILER_APPICON_NAME = AppIcon;
				INFOPLIST_FILE = FirstTutorial/Info.plist;
				LD_RUNPATH_SEARCH_PATHS = "$(inherited) @executable_path/Frameworks";
				PRODUCT_NAME = "$(TARGET_NAME)";
			};
			name = Release;
		};
		777C6CCA19D35C38000E5587 /* Debug */ = {
			isa = XCBuildConfiguration;
			buildSettings = {
				BUNDLE_LOADER = "$(TEST_HOST)";
				FRAMEWORK_SEARCH_PATHS = (
					"$(SDKROOT)/Developer/Library/Frameworks",
					"$(inherited)",
				);
				GCC_PREPROCESSOR_DEFINITIONS = (
					"DEBUG=1",
					"$(inherited)",
				);
				INFOPLIST_FILE = FirstTutorialTests/Info.plist;
				LD_RUNPATH_SEARCH_PATHS = "$(inherited) @executable_path/Frameworks @loader_path/Frameworks";
				PRODUCT_NAME = "$(TARGET_NAME)";
				TEST_HOST = "$(BUILT_PRODUCTS_DIR)/FirstTutorial.app/FirstTutorial";
			};
			name = Debug;
		};
		777C6CCB19D35C38000E5587 /* Release */ = {
			isa = XCBuildConfiguration;
			buildSettings = {
				BUNDLE_LOADER = "$(TEST_HOST)";
				FRAMEWORK_SEARCH_PATHS = (
					"$(SDKROOT)/Developer/Library/Frameworks",
					"$(inherited)",
				);
				INFOPLIST_FILE = FirstTutorialTests/Info.plist;
				LD_RUNPATH_SEARCH_PATHS = "$(inherited) @executable_path/Frameworks @loader_path/Frameworks";
				PRODUCT_NAME = "$(TARGET_NAME)";
				TEST_HOST = "$(BUILT_PRODUCTS_DIR)/FirstTutorial.app/FirstTutorial";
			};
			name = Release;
		};
/* End XCBuildConfiguration section */

/* Begin XCConfigurationList section */
		777C6CA219D35C37000E5587 /* Build configuration list for PBXProject "FirstTutorial" */ = {
			isa = XCConfigurationList;
			buildConfigurations = (
				777C6CC419D35C38000E5587 /* Debug */,
				777C6CC519D35C38000E5587 /* Release */,
			);
			defaultConfigurationIsVisible = 0;
			defaultConfigurationName = Release;
		};
		777C6CC619D35C38000E5587 /* Build configuration list for PBXNativeTarget "FirstTutorial" */ = {
			isa = XCConfigurationList;
			buildConfigurations = (
				777C6CC719D35C38000E5587 /* Debug */,
				777C6CC819D35C38000E5587 /* Release */,
			);
			defaultConfigurationIsVisible = 0;
		};
		777C6CC919D35C38000E5587 /* Build configuration list for PBXNativeTarget "FirstTutorialTests" */ = {
			isa = XCConfigurationList;
			buildConfigurations = (
				777C6CCA19D35C38000E5587 /* Debug */,
				777C6CCB19D35C38000E5587 /* Release */,
			);
			defaultConfigurationIsVisible = 0;
		};
/* End XCConfigurationList section */
	};
	rootObject = 777C6C9F19D35C37000E5587 /* Project object */;
}
